{
    "_meta": {
        "hash": {
            "sha256": "dff804eb9be3c60727043e50e93811d9ae54f23727bd6ee3a6fc87a249706168"
        },
        "pipfile-spec": 6,
        "requires": {
            "python_full_version": "3.11.8",
            "python_version": "3.11"
        },
        "sources": [
            {
                "name": "pypi",
                "url": "https://pypi.org/simple",
                "verify_ssl": true
            }
        ]
    },
    "default": {
        "ffmpy": {
            "hashes": [
                "sha256:475ebfff1044661b8d969349dbcd2db9bf56d3ee78c0627e324769b49a27a78f"
            ],
            "index": "pypi",
            "version": "==0.3.2"
        },
        "nuitka": {
            "hashes": [
                "sha256:32d7724c913645c73a8b41f6f57d17f742e132fa3a82eb6c4c847c1629cba7b9"
            ],
            "index": "pypi",
            "version": "==2.1.2"
        },
        "ordered-set": {
            "hashes": [
                "sha256:046e1132c71fcf3330438a539928932caf51ddbc582496833e23de611de14562",
                "sha256:694a8e44c87657c59292ede72891eb91d34131f6531463aab3009191c77364a8"
            ],
            "markers": "python_version >= '3.7'",
            "version": "==4.1.0"
        },
        "pyee": {
            "hashes": [
                "sha256:5d346a7d0f861a4b2e6c47960295bd895f816725b27d656181947346be98d7c1",
                "sha256:b53af98f6990c810edd9b56b87791021a8f54fd13db4edd1142438d44ba2263f"
            ],
            "markers": "python_version >= '3.8'",
            "version": "==11.1.0"
        },
        "pyside6": {
            "hashes": [
                "sha256:3b6266fb29bab66526f2bbab2a6610f9f47a4df42ae6fb3713cd8329f593a561",
                "sha256:5bdaa27d1a921c35764d82a2ec86943488c818cb33b9e16b2784d539b45f6171",
                "sha256:a8200b2a1f02e42adfd1f41bc60d52d157398778b6ba232d46ad7402bc6f91ec",
                "sha256:e359ebccd3f90fba85ebd5b93bdeadfa9e5d2fd06b3b5e8985aa5da50ca6243b"
            ],
            "index": "pypi",
            "markers": "python_version < '3.13' and python_version >= '3.8'",
            "version": "==6.6.2"
        },
        "pyside6-addons": {
            "hashes": [
                "sha256:4fb00bc98bc8335177eaa8f6d70ba687ab9bf00b3ee343abbc7156040f3e586d",
                "sha256:748151fb49d5fe760b7cf6c88c4ec851e68d66a119939567407115948bf8a08f",
                "sha256:90f20dcf2caf69307e20d3d682cbe2b1a38e7ddb1f50f4f0e3ae4306219f8883",
                "sha256:cbdb7393de88a916ed1e9bd8407149f911717d1e06aee04119e26042679d8cce"
            ],
            "markers": "python_version < '3.13' and python_version >= '3.8'",
            "version": "==6.6.2"
        },
        "pyside6-essentials": {
            "hashes": [
                "sha256:030a0565ad2d6361ed8be7826f81fe3dbb7a98330837687608e75cbede5f0ca2",
                "sha256:11496a322138eab4579c3683d2e3afebb41435412d4109394cb2b9ddaac66fe3",
                "sha256:41373f9b8fd17bb39a7dc7da85168508fe288955a17117c2e993339f387b23c1",
                "sha256:90be2cf1a404f1c62777ccc6898895c864376f1fd68ae9f82f7622522bce5814"
            ],
            "markers": "python_version < '3.13' and python_version >= '3.8'",
            "version": "==6.6.2"
        },
        "python-ffmpeg": {
            "hashes": [
                "sha256:5c7c47f52e9990aabb4f530ef4debb5373bbc8041dd1e3a8452cc1c69ea615f4",
                "sha256:775642bdc6063431e9ee8c208826b731cbb2c8c39fc2967f8bebdce90bade216"
            ],
            "index": "pypi",
            "markers": "python_version >= '3.7'",
            "version": "==2.0.10"
        },
        "shiboken6": {
            "hashes": [
                "sha256:531728324ad3ad4ed7b1d85d2dff548d618182d67024e16e84079f7db104590d",
                "sha256:60dbad15901ad6fff6e198d8668091bbb2f20b82729412e5fd4d47ac86c97d42",
                "sha256:9da86622cee5e7201bafe9c5beee3c06d9168c6b8f3e2fac52c1b7df00956bff",
                "sha256:d4e99e7d1137a7d2c665a465b80baf820829dfba5fe474549d49b0ef81b0abf2"
            ],
            "markers": "python_version < '3.13' and python_version >= '3.8'",
            "version": "==6.6.2"
        },
        "toml": {
            "hashes": [
                "sha256:806143ae5bfb6a3c6e736a764057db0e6a0e05e338b5630894a5f779cabb4f9b",
                "sha256:b3bda1d108d5dd99f4a20d24d9c348e91c4db7ab1b749200bded2f839ccbe68f"
            ],
            "index": "pypi",
            "markers": "python_version >= '2.6' and python_version not in '3.0, 3.1, 3.2, 3.3'",
            "version": "==0.10.2"
        },
        "typing-extensions": {
            "hashes": [
                "sha256:69b1a937c3a517342112fb4c6df7e72fc39a38e7891a5730ed4985b5214b5475",
                "sha256:b0abd7c89e8fb96f98db18d86106ff1d90ab692004eb746cf6eda2682f91b3cb"
            ],
            "markers": "python_version >= '3.8'",
            "version": "==4.10.0"
        },
        "zstandard": {
            "hashes": [
                "sha256:11f0d1aab9516a497137b41e3d3ed4bbf7b2ee2abc79e5c8b010ad286d7464bd",
                "sha256:1958100b8a1cc3f27fa21071a55cb2ed32e9e5df4c3c6e661c193437f171cba2",
                "sha256:1a90ba9a4c9c884bb876a14be2b1d216609385efb180393df40e5172e7ecf356",
                "sha256:1d43501f5f31e22baf822720d82b5547f8a08f5386a883b32584a185675c8fbf",
                "sha256:23d2b3c2b8e7e5a6cb7922f7c27d73a9a615f0a5ab5d0e03dd533c477de23004",
                "sha256:2612e9bb4977381184bb2463150336d0f7e014d6bb5d4a370f9a372d21916f69",
                "sha256:275df437ab03f8c033b8a2c181e51716c32d831082d93ce48002a5227ec93019",
                "sha256:2ac9957bc6d2403c4772c890916bf181b2653640da98f32e04b96e4d6fb3252a",
                "sha256:2b11ea433db22e720758cba584c9d661077121fcf60ab43351950ded20283440",
                "sha256:2fdd53b806786bd6112d97c1f1e7841e5e4daa06810ab4b284026a1a0e484c0b",
                "sha256:33591d59f4956c9812f8063eff2e2c0065bc02050837f152574069f5f9f17775",
                "sha256:36a47636c3de227cd765e25a21dc5dace00539b82ddd99ee36abae38178eff9e",
                "sha256:39b2853efc9403927f9065cc48c9980649462acbdf81cd4f0cb773af2fd734bc",
                "sha256:3db41c5e49ef73641d5111554e1d1d3af106410a6c1fb52cf68912ba7a343a0d",
                "sha256:445b47bc32de69d990ad0f34da0e20f535914623d1e506e74d6bc5c9dc40bb09",
                "sha256:466e6ad8caefb589ed281c076deb6f0cd330e8bc13c5035854ffb9c2014b118c",
                "sha256:48f260e4c7294ef275744210a4010f116048e0c95857befb7462e033f09442fe",
                "sha256:4ac59d5d6910b220141c1737b79d4a5aa9e57466e7469a012ed42ce2d3995e88",
                "sha256:53866a9d8ab363271c9e80c7c2e9441814961d47f88c9bc3b248142c32141d94",
                "sha256:589402548251056878d2e7c8859286eb91bd841af117dbe4ab000e6450987e08",
                "sha256:68953dc84b244b053c0d5f137a21ae8287ecf51b20872eccf8eaac0302d3e3b0",
                "sha256:6c25b8eb733d4e741246151d895dd0308137532737f337411160ff69ca24f93a",
                "sha256:7034d381789f45576ec3f1fa0e15d741828146439228dc3f7c59856c5bcd3292",
                "sha256:73a1d6bd01961e9fd447162e137ed949c01bdb830dfca487c4a14e9742dccc93",
                "sha256:8226a33c542bcb54cd6bd0a366067b610b41713b64c9abec1bc4533d69f51e70",
                "sha256:888196c9c8893a1e8ff5e89b8f894e7f4f0e64a5af4d8f3c410f0319128bb2f8",
                "sha256:88c5b4b47a8a138338a07fc94e2ba3b1535f69247670abfe422de4e0b344aae2",
                "sha256:8a1b2effa96a5f019e72874969394edd393e2fbd6414a8208fea363a22803b45",
                "sha256:93e1856c8313bc688d5df069e106a4bc962eef3d13372020cc6e3ebf5e045202",
                "sha256:9501f36fac6b875c124243a379267d879262480bf85b1dbda61f5ad4d01b75a3",
                "sha256:959665072bd60f45c5b6b5d711f15bdefc9849dd5da9fb6c873e35f5d34d8cfb",
                "sha256:a1d67d0d53d2a138f9e29d8acdabe11310c185e36f0a848efa104d4e40b808e4",
                "sha256:a493d470183ee620a3df1e6e55b3e4de8143c0ba1b16f3ded83208ea8ddfd91d",
                "sha256:a7ccf5825fd71d4542c8ab28d4d482aace885f5ebe4b40faaa290eed8e095a4c",
                "sha256:a88b7df61a292603e7cd662d92565d915796b094ffb3d206579aaebac6b85d5f",
                "sha256:a97079b955b00b732c6f280d5023e0eefe359045e8b83b08cf0333af9ec78f26",
                "sha256:d22fdef58976457c65e2796e6730a3ea4a254f3ba83777ecfc8592ff8d77d303",
                "sha256:d75f693bb4e92c335e0645e8845e553cd09dc91616412d1d4650da835b5449df",
                "sha256:d8593f8464fb64d58e8cb0b905b272d40184eac9a18d83cf8c10749c3eafcd7e",
                "sha256:d8fff0f0c1d8bc5d866762ae95bd99d53282337af1be9dc0d88506b340e74b73",
                "sha256:de20a212ef3d00d609d0b22eb7cc798d5a69035e81839f549b538eff4105d01c",
                "sha256:e9e9d4e2e336c529d4c435baad846a181e39a982f823f7e4495ec0b0ec8538d2",
                "sha256:f058a77ef0ece4e210bb0450e68408d4223f728b109764676e1a13537d056bb0",
                "sha256:f1a4b358947a65b94e2501ce3e078bbc929b039ede4679ddb0460829b12f7375",
                "sha256:f9b2cde1cd1b2a10246dbc143ba49d942d14fb3d2b4bccf4618d475c65464912",
                "sha256:fe3390c538f12437b859d815040763abc728955a52ca6ff9c5d4ac707c4ad98e"
            ],
            "markers": "python_version >= '3.8'",
            "version": "==0.22.0"
        }
    },
    "develop": {}
}
